
Microsoft Visual Studio Solution File, Format Version 12.00
# Visual Studio Version 17
VisualStudioVersion = 17.11.35312.102
MinimumVisualStudioVersion = 10.0.40219.1
Project("{8BC9CEB8-8B4A-11D0-8D11-00A0C91BC942}") = "ConsoleApplication1", "ConsoleApplication1.vcxproj", "{D5F49485-8C5A-4F7F-AE38-B1D36ED1D383}"
EndProject
Project("{2150E333-8FDC-42A3-9474-1A3956D46DE8}") = "Solution Items", "Solution Items", "{8E390F29-04E6-49C9-A668-A6DCBD220FD8}"
	ProjectSection(SolutionItems) = preProject
		BigInt.cpp = BigInt.cpp
		BigInt.h = BigInt.h
		Fraction.cpp = Fraction.cpp
		Fraction.h = Fraction.h
		Int.cpp = Int.cpp
		Int.h = Int.h
		Main.cpp = Main.cpp
		Number.h = Number.h
		Real.cpp = Real.cpp
		Real.h = Real.h
	EndProjectSection
EndProject
Global
	GlobalSection(SolutionConfigurationPlatforms) = preSolution
		Debug|x64 = Debug|x64
		Debug|x86 = Debug|x86
		Release|x64 = Release|x64
		Release|x86 = Release|x86
	EndGlobalSection
	GlobalSection(ProjectConfigurationPlatforms) = postSolution
		{D5F49485-8C5A-4F7F-AE38-B1D36ED1D383}.Debug|x64.ActiveCfg = Debug|x64
		{D5F49485-8C5A-4F7F-AE38-B1D36ED1D383}.Debug|x64.Build.0 = Debug|x64
		{D5F49485-8C5A-4F7F-AE38-B1D36ED1D383}.Debug|x86.ActiveCfg = Debug|Win32
		{D5F49485-8C5A-4F7F-AE38-B1D36ED1D383}.Debug|x86.Build.0 = Debug|Win32
		{D5F49485-8C5A-4F7F-AE38-B1D36ED1D383}.Release|x64.ActiveCfg = Release|x64
		{D5F49485-8C5A-4F7F-AE38-B1D36ED1D383}.Release|x64.Build.0 = Release|x64
		{D5F49485-8C5A-4F7F-AE38-B1D36ED1D383}.Release|x86.ActiveCfg = Release|Win32
		{D5F49485-8C5A-4F7F-AE38-B1D36ED1D383}.Release|x86.Build.0 = Release|Win32
	EndGlobalSection
	GlobalSection(SolutionProperties) = preSolution
		HideSolutionNode = FALSE
	EndGlobalSection
	GlobalSection(ExtensibilityGlobals) = postSolution
		SolutionGuid = {5BB8629D-9970-48D1-8CCC-A478D93DBE72}
	EndGlobalSection
EndGlobal
